// !$*UTF8*$!
{
	archiveVersion = 1;
	classes = {
	};
	objectVersion = 46;
	objects = {

/* Begin PBXBuildFile section */
		278A54C2ADE01709625C998D /* libPods-DYNetworkingTool.a in Frameworks */ = {isa = PBXBuildFile; fileRef = F11AAECAA563435087212282 /* libPods-DYNetworkingTool.a */; };
		E48D6D371D5054BB009CAB9F /* main.m in Sources */ = {isa = PBXBuildFile; fileRef = E48D6D361D5054BB009CAB9F /* main.m */; };
		E48D6D3A1D5054BB009CAB9F /* AppDelegate.m in Sources */ = {isa = PBXBuildFile; fileRef = E48D6D391D5054BB009CAB9F /* AppDelegate.m */; };
		E48D6D3D1D5054BB009CAB9F /* ViewController.m in Sources */ = {isa = PBXBuildFile; fileRef = E48D6D3C1D5054BB009CAB9F /* ViewController.m */; };
		E48D6D401D5054BB009CAB9F /* Main.storyboard in Resources */ = {isa = PBXBuildFile; fileRef = E48D6D3E1D5054BB009CAB9F /* Main.storyboard */; };
		E48D6D421D5054BB009CAB9F /* Assets.xcassets in Resources */ = {isa = PBXBuildFile; fileRef = E48D6D411D5054BB009CAB9F /* Assets.xcassets */; };
		E48D6D451D5054BB009CAB9F /* LaunchScreen.storyboard in Resources */ = {isa = PBXBuildFile; fileRef = E48D6D431D5054BB009CAB9F /* LaunchScreen.storyboard */; };
/* End PBXBuildFile section */

/* Begin PBXFileReference section */
		9EB1CCDFEC82ABD359798746 /* Pods-DYNetworkingTool.debug.xcconfig */ = {isa = PBXFileReference; includeInIndex = 1; lastKnownFileType = text.xcconfig; name = "Pods-DYNetworkingTool.debug.xcconfig"; path = "Pods/Target Support Files/Pods-DYNetworkingTool/Pods-DYNetworkingTool.debug.xcconfig"; sourceTree = "<group>"; };
		B50D03B7D4957C057A115646 /* Pods-DYNetworkingTool.release.xcconfig */ = {isa = PBXFileReference; includeInIndex = 1; lastKnownFileType = text.xcconfig; name = "Pods-DYNetworkingTool.release.xcconfig"; path = "Pods/Target Support Files/Pods-DYNetworkingTool/Pods-DYNetworkingTool.release.xcconfig"; sourceTree = "<group>"; };
		E48D6D321D5054BB009CAB9F /* DYNetworkingTool.app */ = {isa = PBXFileReference; explicitFileType = wrapper.application; includeInIndex = 0; path = DYNetworkingTool.app; sourceTree = BUILT_PRODUCTS_DIR; };
		E48D6D361D5054BB009CAB9F /* main.m */ = {isa = PBXFileReference; lastKnownFileType = sourcecode.c.objc; path = main.m; sourceTree = "<group>"; };
		E48D6D381D5054BB009CAB9F /* AppDelegate.h */ = {isa = PBXFileReference; lastKnownFileType = sourcecode.c.h; path = AppDelegate.h; sourceTree = "<group>"; };
		E48D6D391D5054BB009CAB9F /* AppDelegate.m */ = {isa = PBXFileReference; lastKnownFileType = sourcecode.c.objc; path = AppDelegate.m; sourceTree = "<group>"; };
		E48D6D3B1D5054BB009CAB9F /* ViewController.h */ = {isa = PBXFileReference; lastKnownFileType = sourcecode.c.h; path = ViewController.h; sourceTree = "<group>"; };
		E48D6D3C1D5054BB009CAB9F /* ViewController.m */ = {isa = PBXFileReference; lastKnownFileType = sourcecode.c.objc; path = ViewController.m; sourceTree = "<group>"; };
		E48D6D3F1D5054BB009CAB9F /* Base */ = {isa = PBXFileReference; lastKnownFileType = file.storyboard; name = Base; path = Base.lproj/Main.storyboard; sourceTree = "<group>"; };
		E48D6D411D5054BB009CAB9F /* Assets.xcassets */ = {isa = PBXFileReference; lastKnownFileType = folder.assetcatalog; path = Assets.xcassets; sourceTree = "<group>"; };
		E48D6D441D5054BB009CAB9F /* Base */ = {isa = PBXFileReference; lastKnownFileType = file.storyboard; name = Base; path = Base.lproj/LaunchScreen.storyboard; sourceTree = "<group>"; };
		E48D6D461D5054BB009CAB9F /* Info.plist */ = {isa = PBXFileReference; lastKnownFileType = text.plist.xml; path = Info.plist; sourceTree = "<group>"; };
		F11AAECAA563435087212282 /* libPods-DYNetworkingTool.a */ = {isa = PBXFileReference; explicitFileType = archive.ar; includeInIndex = 0; path = "libPods-DYNetworkingTool.a"; sourceTree = BUILT_PRODUCTS_DIR; };
/* End PBXFileReference section */

/* Begin PBXFrameworksBuildPhase section */
		E48D6D2F1D5054BB009CAB9F /* Frameworks */ = {
			isa = PBXFrameworksBuildPhase;
			buildActionMask = 2147483647;
			files = (
				278A54C2ADE01709625C998D /* libPods-DYNetworkingTool.a in Frameworks */,
			);
			runOnlyForDeploymentPostprocessing = 0;
		};
/* End PBXFrameworksBuildPhase section */

/* Begin PBXGroup section */
		BA3E83BDA2A3AC4CF4B5B67A /* Frameworks */ = {
			isa = PBXGroup;
			children = (
				F11AAECAA563435087212282 /* libPods-DYNetworkingTool.a */,
			);
			name = Frameworks;
			sourceTree = "<group>";
		};
		E0E9CAEAA5A8D8237B7EB2D3 /* Pods */ = {
			isa = PBXGroup;
			children = (
				9EB1CCDFEC82ABD359798746 /* Pods-DYNetworkingTool.debug.xcconfig */,
				B50D03B7D4957C057A115646 /* Pods-DYNetworkingTool.release.xcconfig */,
			);
			name = Pods;
			sourceTree = "<group>";
		};
		E48D6D291D5054BB009CAB9F = {
			isa = PBXGroup;
			children = (
				E48D6D341D5054BB009CAB9F /* DYNetworkingTool */,
				E48D6D331D5054BB009CAB9F /* Products */,
				E0E9CAEAA5A8D8237B7EB2D3 /* Pods */,
				BA3E83BDA2A3AC4CF4B5B67A /* Frameworks */,
			);
			sourceTree = "<group>";
		};
		E48D6D331D5054BB009CAB9F /* Products */ = {
			isa = PBXGroup;
			children = (
				E48D6D321D5054BB009CAB9F /* DYNetworkingTool.app */,
			);
			name = Products;
			sourceTree = "<group>";
		};
		E48D6D341D5054BB009CAB9F /* DYNetworkingTool */ = {
			isa = PBXGroup;
			children = (
				E48D6D4C1D505651009CAB9F /* DYNetworkingTool */,
				E48D6D381D5054BB009CAB9F /* AppDelegate.h */,
				E48D6D391D5054BB009CAB9F /* AppDelegate.m */,
				E48D6D3B1D5054BB009CAB9F /* ViewController.h */,
				E48D6D3C1D5054BB009CAB9F /* ViewController.m */,
				E48D6D3E1D5054BB009CAB9F /* Main.storyboard */,
				E48D6D411D5054BB009CAB9F /* Assets.xcassets */,
				E48D6D431D5054BB009CAB9F /* LaunchScreen.storyboard */,
				E48D6D461D5054BB009CAB9F /* Info.plist */,
				E48D6D351D5054BB009CAB9F /* Supporting Files */,
			);
			path = DYNetworkingTool;
			sourceTree = "<group>";
		};
		E48D6D351D5054BB009CAB9F /* Supporting Files */ = {
			isa = PBXGroup;
			children = (
				E48D6D361D5054BB009CAB9F /* main.m */,
			);
			name = "Supporting Files";
			sourceTree = "<group>";
		};
		E48D6D4C1D505651009CAB9F /* DYNetworkingTool */ = {
			isa = PBXGroup;
			children = (
			);
			path = DYNetworkingTool;
			sourceTree = "<group>";
		};
/* End PBXGroup section */

/* Begin PBXNativeTarget section */
		E48D6D311D5054BB009CAB9F /* DYNetworkingTool */ = {
			isa = PBXNativeTarget;
			buildConfigurationList = E48D6D491D5054BB009CAB9F /* Build configuration list for PBXNativeTarget "DYNetworkingTool" */;
			buildPhases = (
				E13188B718B26BC17A516896 /* [CP] Check Pods Manifest.lock */,
				E48D6D2E1D5054BB009CAB9F /* Sources */,
				E48D6D2F1D5054BB009CAB9F /* Frameworks */,
				E48D6D301D5054BB009CAB9F /* Resources */,
				22FE6B67923C1A5EEB7BACEC /* [CP] Embed Pods Frameworks */,
				619B50B113246966E6BE5D51 /* [CP] Copy Pods Resources */,
			);
			buildRules = (
			);
			dependencies = (
			);
			name = DYNetworkingTool;
			productName = DYNetworkingTool;
			productReference = E48D6D321D5054BB009CAB9F /* DYNetworkingTool.app */;
			productType = "com.apple.product-type.application";
		};
/* End PBXNativeTarget section */

/* Begin PBXProject section */
		E48D6D2A1D5054BB009CAB9F /* Project object */ = {
			isa = PBXProject;
			attributes = {
				LastUpgradeCheck = 0720;
				ORGANIZATIONNAME = DovYoung;
				TargetAttributes = {
					E48D6D311D5054BB009CAB9F = {
						CreatedOnToolsVersion = 7.2.1;
						DevelopmentTeam = 7XX3W6C4BU;
					};
				};
			};
			buildConfigurationList = E48D6D2D1D5054BB009CAB9F /* Build configuration list for PBXProject "DYNetworkingTool" */;
			compatibilityVersion = "Xcode 3.2";
			developmentRegion = English;
			hasScannedForEncodings = 0;
			knownRegions = (
				en,
				Base,
			);
			mainGroup = E48D6D291D5054BB009CAB9F;
			productRefGroup = E48D6D331D5054BB009CAB9F /* Products */;
			projectDirPath = "";
			projectRoot = "";
			targets = (
				E48D6D311D5054BB009CAB9F /* DYNetworkingTool */,
			);
		};
/* End PBXProject section */

/* Begin PBXResourcesBuildPhase section */
		E48D6D301D5054BB009CAB9F /* Resources */ = {
			isa = PBXResourcesBuildPhase;
			buildActionMask = 2147483647;
			files = (
				E48D6D451D5054BB009CAB9F /* LaunchScreen.storyboard in Resources */,
				E48D6D421D5054BB009CAB9F /* Assets.xcassets in Resources */,
				E48D6D401D5054BB009CAB9F /* Main.storyboard in Resources */,
			);
			runOnlyForDeploymentPostprocessing = 0;
		};
/* End PBXResourcesBuildPhase section */

/* Begin PBXShellScriptBuildPhase section */
		22FE6B67923C1A5EEB7BACEC /* [CP] Embed Pods Frameworks */ = {
			isa = PBXShellScriptBuildPhase;
			buildActionMask = 2147483647;
			files = (
			);
			inputPaths = (
			);
			name = "[CP] Embed Pods Frameworks";
			outputPaths = (
			);
			runOnlyForDeploymentPostprocessing = 0;
			shellPath = /bin/sh;
			shellScript = "\"${SRCROOT}/Pods/Target Support Files/Pods-DYNetworkingTool/Pods-DYNetworkingTool-frameworks.sh\"\n";
			showEnvVarsInLog = 0;
		};
		619B50B113246966E6BE5D51 /* [CP] Copy Pods Resources */ = {
			isa = PBXShellScriptBuildPhase;
			buildActionMask = 2147483647;
			files = (
			);
			inputPaths = (
			);
			name = "[CP] Copy Pods Resources";
			outputPaths = (
			);
			runOnlyForDeploymentPostprocessing = 0;
			shellPath = /bin/sh;
			shellScript = "\"${SRCROOT}/Pods/Target Support Files/Pods-DYNetworkingTool/Pods-DYNetworkingTool-resources.sh\"\n";
			showEnvVarsInLog = 0;
		};
		E13188B718B26BC17A516896 /* [CP] Check Pods Manifest.lock */ = {
			isa = PBXShellScriptBuildPhase;
			buildActionMask = 2147483647;
			files = (
			);
			inputPaths = (
			);
			name = "[CP] Check Pods Manifest.lock";
			outputPaths = (
			);
			runOnlyForDeploymentPostprocessing = 0;
			shellPath = /bin/sh;
			shellScript = "diff \"${PODS_ROOT}/../Podfile.lock\" \"${PODS_ROOT}/Manifest.lock\" > /dev/null\nif [[ $? != 0 ]] ; then\n    cat << EOM\nerror: The sandbox is not in sync with the Podfile.lock. Run 'pod install' or update your CocoaPods installation.\nEOM\n    exit 1\nfi\n";
			showEnvVarsInLog = 0;
		};
/* End PBXShellScriptBuildPhase section */

/* Begin PBXSourcesBuildPhase section */
		E48D6D2E1D5054BB009CAB9F /* Sources */ = {
			isa = PBXSourcesBuildPhase;
			buildActionMask = 2147483647;
			files = (
				E48D6D3D1D5054BB009CAB9F /* ViewController.m in Sources */,
				E48D6D3A1D5054BB009CAB9F /* AppDelegate.m in Sources */,
				E48D6D371D5054BB009CAB9F /* main.m in Sources */,
			);
			runOnlyForDeploymentPostprocessing = 0;
		};
/* End PBXSourcesBuildPhase section */

/* Begin PBXVariantGroup section */
		E48D6D3E1D5054BB009CAB9F /* Main.storyboard */ = {
			isa = PBXVariantGroup;
			children = (
				E48D6D3F1D5054BB009CAB9F /* Base */,
			);
			name = Main.storyboard;
			sourceTree = "<group>";
		};
		E48D6D431D5054BB009CAB9F /* LaunchScreen.storyboard */ = {
			isa = PBXVariantGroup;
			children = (
				E48D6D441D5054BB009CAB9F /* Base */,
			);
			name = LaunchScreen.storyboard;
			sourceTree = "<group>";
		};
/* End PBXVariantGroup section */

/* Begin XCBuildConfiguration section */
		E48D6D471D5054BB009CAB9F /* Debug */ = {
			isa = XCBuildConfiguration;
			buildSettings = {
				ALWAYS_SEARCH_USER_PATHS = NO;
				CLANG_CXX_LANGUAGE_STANDARD = "gnu++0x";
				CLANG_CXX_LIBRARY = "libc++";
				CLANG_ENABLE_MODULES = YES;
				CLANG_ENABLE_OBJC_ARC = YES;
				CLANG_WARN_BOOL_CONVERSION = YES;
				CLANG_WARN_CONSTANT_CONVERSION = YES;
				CLANG_WARN_DIRECT_OBJC_ISA_USAGE = YES_ERROR;
				CLANG_WARN_EMPTY_BODY = YES;
				CLANG_WARN_ENUM_CONVERSION = YES;
				CLANG_WARN_INT_CONVERSION = YES;
				CLANG_WARN_OBJC_ROOT_CLASS = YES_ERROR;
				CLANG_WARN_UNREACHABLE_CODE = YES;
				CLANG_WARN__DUPLICATE_METHOD_MATCH = YES;
				"CODE_SIGN_IDENTITY[sdk=iphoneos*]" = "iPhone Developer";
				COPY_PHASE_STRIP = NO;
				DEBUG_INFORMATION_FORMAT = dwarf;
				ENABLE_STRICT_OBJC_MSGSEND = YES;
				ENABLE_TESTABILITY = YES;
				GCC_C_LANGUAGE_STANDARD = gnu99;
				GCC_DYNAMIC_NO_PIC = NO;
				GCC_NO_COMMON_BLOCKS = YES;
				GCC_OPTIMIZATION_LEVEL = 0;
				GCC_PREPROCESSOR_DEFINITIONS = (
					"DEBUG=1",
					"$(inherited)",
				);
				GCC_WARN_64_TO_32_BIT_CONVERSION = YES;
				GCC_WARN_ABOUT_RETURN_TYPE = YES_ERROR;
				GCC_WARN_UNDECLARED_SELECTOR = YES;
				GCC_WARN_UNINITIALIZED_AUTOS = YES_AGGRESSIVE;
				GCC_WARN_UNUSED_FUNCTION = YES;
				GCC_WARN_UNUSED_VARIABLE = YES;
				IPHONEOS_DEPLOYMENT_TARGET = 9.2;
				MTL_ENABLE_DEBUG_INFO = YES;
				ONLY_ACTIVE_ARCH = YES;
				SDKROOT = iphoneos;
				TARGETED_DEVICE_FAMILY = "1,2";
			};
			name = Debug;
		};
		E48D6D481D5054BB009CAB9F /* Release */ = {
			isa = XCBuildConfiguration;
			buildSettings = {
				ALWAYS_SEARCH_USER_PATHS = NO;
				CLANG_CXX_LANGUAGE_STANDARD = "gnu++0x";
				CLANG_CXX_LIBRARY = "libc++";
				CLANG_ENABLE_MODULES = YES;
				CLANG_ENABLE_OBJC_ARC = YES;
				CLANG_WARN_BOOL_CONVERSION = YES;
				CLANG_WARN_CONSTANT_CONVERSION = YES;
				CLANG_WARN_DIRECT_OBJC_ISA_USAGE = YES_ERROR;
				CLANG_WARN_EMPTY_BODY = YES;
				CLANG_WARN_ENUM_CONVERSION = YES;
				CLANG_WARN_INT_CONVERSION = YES;
				CLANG_WARN_OBJC_ROOT_CLASS = YES_ERROR;
				CLANG_WARN_UNREACHABLE_CODE = YES;
				CLANG_WARN__DUPLICATE_METHOD_MATCH = YES;
				"CODE_SIGN_IDENTITY[sdk=iphoneos*]" = "iPhone Developer";
				COPY_PHASE_STRIP = NO;
				DEBUG_INFORMATION_FORMAT = "dwarf-with-dsym";
				ENABLE_NS_ASSERTIONS = NO;
				ENABLE_STRICT_OBJC_MSGSEND = YES;
				GCC_C_LANGUAGE_STANDARD = gnu99;
				GCC_NO_COMMON_BLOCKS = YES;
				GCC_WARN_64_TO_32_BIT_CONVERSION = YES;
				GCC_WARN_ABOUT_RETURN_TYPE = YES_ERROR;
				GCC_WARN_UNDECLARED_SELECTOR = YES;
				GCC_WARN_UNINITIALIZED_AUTOS = YES_AGGRESSIVE;
				GCC_WARN_UNUSED_FUNCTION = YES;
				GCC_WARN_UNUSED_VARIABLE = YES;
				IPHONEOS_DEPLOYMENT_TARGET = 9.2;
				MTL_ENABLE_DEBUG_INFO = NO;
				SDKROOT = iphoneos;
				TARGETED_DEVICE_FAMILY = "1,2";
				VALIDATE_PRODUCT = YES;
			};
			name = Release;
		};
		E48D6D4A1D5054BB009CAB9F /* Debug */ = {
			isa = XCBuildConfiguration;
			baseConfigurationReference = 9EB1CCDFEC82ABD359798746 /* Pods-DYNetworkingTool.debug.xcconfig */;
			buildSettings = {
				ASSETCATALOG_COMPILER_APPICON_NAME = AppIcon;
				INFOPLIST_FILE = DYNetworkingTool/Info.plist;
				LD_RUNPATH_SEARCH_PATHS = "$(inherited) @executable_path/Frameworks";
				PRODUCT_BUNDLE_IDENTIFIER = com.qq.ios.DYNetworkingTool;
				PRODUCT_NAME = "$(TARGET_NAME)";
			};
			name = Debug;
		};
		E48D6D4B1D5054BB009CAB9F /* Release */ = {
			isa = XCBuildConfiguration;
			baseConfigurationReference = B50D03B7D4957C057A115646 /* Pods-DYNetworkingTool.release.xcconfig */;
			buildSettings = {
				ASSETCATALOG_COMPILER_APPICON_NAME = AppIcon;
				INFOPLIST_FILE = DYNetworkingTool/Info.plist;
				LD_RUNPATH_SEARCH_PATHS = "$(inherited) @executable_path/Frameworks";
				PRODUCT_BUNDLE_IDENTIFIER = com.qq.ios.DYNetworkingTool;
				PRODUCT_NAME = "$(TARGET_NAME)";
			};
			name = Release;
		};
/* End XCBuildConfiguration section */

/* Begin XCConfigurationList section */
		E48D6D2D1D5054BB009CAB9F /* Build configuration list for PBXProject "DYNetworkingTool" */ = {
			isa = XCConfigurationList;
			buildConfigurations = (
				E48D6D471D5054BB009CAB9F /* Debug */,
				E48D6D481D5054BB009CAB9F /* Release */,
			);
			defaultConfigurationIsVisible = 0;
			defaultConfigurationName = Release;
		};
		E48D6D491D5054BB009CAB9F /* Build configuration list for PBXNativeTarget "DYNetworkingTool" */ = {
			isa = XCConfigurationList;
			buildConfigurations = (
				E48D6D4A1D5054BB009CAB9F /* Debug */,
				E48D6D4B1D5054BB009CAB9F /* Release */,
			);
			defaultConfigurationIsVisible = 0;
			defaultConfigurationName = Release;
		};
/* End XCConfigurationList section */
	};
	rootObject = E48D6D2A1D5054BB009CAB9F /* Project object */;
}
